// !$*UTF8*$!
{
	archiveVersion = 1;
	classes = {
	};
	objectVersion = 56;
	objects = {

/* Begin PBXBuildFile section */
		936C26822A75122E00039327 /* JSSUIBridgeTestApp.swift in Sources */ = {isa = PBXBuildFile; fileRef = 936C26812A75122E00039327 /* JSSUIBridgeTestApp.swift */; };
		936C26842A75122E00039327 /* ContentView.swift in Sources */ = {isa = PBXBuildFile; fileRef = 936C26832A75122E00039327 /* ContentView.swift */; };
		936C26862A75123100039327 /* Assets.xcassets in Resources */ = {isa = PBXBuildFile; fileRef = 936C26852A75123100039327 /* Assets.xcassets */; };
		936C26892A75123100039327 /* Preview Assets.xcassets in Resources */ = {isa = PBXBuildFile; fileRef = 936C26882A75123100039327 /* Preview Assets.xcassets */; };
		936C26912A7512AA00039327 /* JSBridge.swift in Sources */ = {isa = PBXBuildFile; fileRef = 936C26902A7512AA00039327 /* JSBridge.swift */; };
		936C26932A754F8B00039327 /* BridgeUIElement.swift in Sources */ = {isa = PBXBuildFile; fileRef = 936C26922A754F8B00039327 /* BridgeUIElement.swift */; };
		936C26952A754FA400039327 /* SwiftReactProcessing.swift in Sources */ = {isa = PBXBuildFile; fileRef = 936C26942A754FA400039327 /* SwiftReactProcessing.swift */; };
/* End PBXBuildFile section */

/* Begin PBXFileReference section */
		936C267E2A75122E00039327 /* JSSUIBridgeTest.app */ = {isa = PBXFileReference; explicitFileType = wrapper.application; includeInIndex = 0; path = JSSUIBridgeTest.app; sourceTree = BUILT_PRODUCTS_DIR; };
		936C26812A75122E00039327 /* JSSUIBridgeTestApp.swift */ = {isa = PBXFileReference; lastKnownFileType = sourcecode.swift; path = JSSUIBridgeTestApp.swift; sourceTree = "<group>"; };
		936C26832A75122E00039327 /* ContentView.swift */ = {isa = PBXFileReference; lastKnownFileType = sourcecode.swift; path = ContentView.swift; sourceTree = "<group>"; };
		936C26852A75123100039327 /* Assets.xcassets */ = {isa = PBXFileReference; lastKnownFileType = folder.assetcatalog; path = Assets.xcassets; sourceTree = "<group>"; };
		936C26882A75123100039327 /* Preview Assets.xcassets */ = {isa = PBXFileReference; lastKnownFileType = folder.assetcatalog; path = "Preview Assets.xcassets"; sourceTree = "<group>"; };
		936C268A2A75123100039327 /* JSSUIBridgeTest.entitlements */ = {isa = PBXFileReference; lastKnownFileType = text.plist.entitlements; path = JSSUIBridgeTest.entitlements; sourceTree = "<group>"; };
		936C26902A7512AA00039327 /* JSBridge.swift */ = {isa = PBXFileReference; lastKnownFileType = sourcecode.swift; path = JSBridge.swift; sourceTree = "<group>"; };
		936C26922A754F8B00039327 /* BridgeUIElement.swift */ = {isa = PBXFileReference; lastKnownFileType = sourcecode.swift; path = BridgeUIElement.swift; sourceTree = "<group>"; };
		936C26942A754FA400039327 /* SwiftReactProcessing.swift */ = {isa = PBXFileReference; lastKnownFileType = sourcecode.swift; path = SwiftReactProcessing.swift; sourceTree = "<group>"; };
/* End PBXFileReference section */

/* Begin PBXFrameworksBuildPhase section */
		936C267B2A75122E00039327 /* Frameworks */ = {
			isa = PBXFrameworksBuildPhase;
			buildActionMask = 2147483647;
			files = (
			);
			runOnlyForDeploymentPostprocessing = 0;
		};
/* End PBXFrameworksBuildPhase section */

/* Begin PBXGroup section */
		936C26752A75122E00039327 = {
			isa = PBXGroup;
			children = (
				936C26802A75122E00039327 /* JSSUIBridgeTest */,
				936C267F2A75122E00039327 /* Products */,
			);
			sourceTree = "<group>";
		};
		936C267F2A75122E00039327 /* Products */ = {
			isa = PBXGroup;
			children = (
				936C267E2A75122E00039327 /* JSSUIBridgeTest.app */,
			);
			name = Products;
			sourceTree = "<group>";
		};
		936C26802A75122E00039327 /* JSSUIBridgeTest */ = {
			isa = PBXGroup;
			children = (
				936C26812A75122E00039327 /* JSSUIBridgeTestApp.swift */,
				936C26832A75122E00039327 /* ContentView.swift */,
				936C26902A7512AA00039327 /* JSBridge.swift */,
				936C26922A754F8B00039327 /* BridgeUIElement.swift */,
				936C26942A754FA400039327 /* SwiftReactProcessing.swift */,
				936C26852A75123100039327 /* Assets.xcassets */,
				936C268A2A75123100039327 /* JSSUIBridgeTest.entitlements */,
				936C26872A75123100039327 /* Preview Content */,
			);
			path = JSSUIBridgeTest;
			sourceTree = "<group>";
		};
		936C26872A75123100039327 /* Preview Content */ = {
			isa = PBXGroup;
			children = (
				936C26882A75123100039327 /* Preview Assets.xcassets */,
			);
			path = "Preview Content";
			sourceTree = "<group>";
		};
/* End PBXGroup section */

/* Begin PBXNativeTarget section */
		936C267D2A75122E00039327 /* JSSUIBridgeTest */ = {
			isa = PBXNativeTarget;
			buildConfigurationList = 936C268D2A75123100039327 /* Build configuration list for PBXNativeTarget "JSSUIBridgeTest" */;
			buildPhases = (
				936C267A2A75122E00039327 /* Sources */,
				936C267B2A75122E00039327 /* Frameworks */,
				936C267C2A75122E00039327 /* Resources */,
			);
			buildRules = (
			);
			dependencies = (
			);
			name = JSSUIBridgeTest;
			productName = JSSUIBridgeTest;
			productReference = 936C267E2A75122E00039327 /* JSSUIBridgeTest.app */;
			productType = "com.apple.product-type.application";
		};
/* End PBXNativeTarget section */

/* Begin PBXProject section */
		936C26762A75122E00039327 /* Project object */ = {
			isa = PBXProject;
			attributes = {
				BuildIndependentTargetsInParallel = 1;
				LastSwiftUpdateCheck = 1500;
				LastUpgradeCheck = 1500;
				TargetAttributes = {
					936C267D2A75122E00039327 = {
						CreatedOnToolsVersion = 15.0;
					};
				};
			};
			buildConfigurationList = 936C26792A75122E00039327 /* Build configuration list for PBXProject "JSSUIBridgeTest" */;
			compatibilityVersion = "Xcode 14.0";
			developmentRegion = en;
			hasScannedForEncodings = 0;
			knownRegions = (
				en,
				Base,
			);
			mainGroup = 936C26752A75122E00039327;
			productRefGroup = 936C267F2A75122E00039327 /* Products */;
			projectDirPath = "";
			projectRoot = "";
			targets = (
				936C267D2A75122E00039327 /* JSSUIBridgeTest */,
			);
		};
/* End PBXProject section */

/* Begin PBXResourcesBuildPhase section */
		936C267C2A75122E00039327 /* Resources */ = {
			isa = PBXResourcesBuildPhase;
			buildActionMask = 2147483647;
			files = (
				936C26892A75123100039327 /* Preview Assets.xcassets in Resources */,
				936C26862A75123100039327 /* Assets.xcassets in Resources */,
			);
			runOnlyForDeploymentPostprocessing = 0;
		};
/* End PBXResourcesBuildPhase section */

/* Begin PBXSourcesBuildPhase section */
		936C267A2A75122E00039327 /* Sources */ = {
			isa = PBXSourcesBuildPhase;
			buildActionMask = 2147483647;
			files = (
				936C26952A754FA400039327 /* SwiftReactProcessing.swift in Sources */,
				936C26842A75122E00039327 /* ContentView.swift in Sources */,
				936C26932A754F8B00039327 /* BridgeUIElement.swift in Sources */,
				936C26912A7512AA00039327 /* JSBridge.swift in Sources */,
				936C26822A75122E00039327 /* JSSUIBridgeTestApp.swift in Sources */,
			);
			runOnlyForDeploymentPostprocessing = 0;
		};
/* End PBXSourcesBuildPhase section */

/* Begin XCBuildConfiguration section */
		936C268B2A75123100039327 /* Debug */ = {
			isa = XCBuildConfiguration;
			buildSettings = {
				ALWAYS_SEARCH_USER_PATHS = NO;
				ASSETCATALOG_COMPILER_GENERATE_SWIFT_ASSET_SYMBOL_EXTENSIONS = YES;
				CLANG_ANALYZER_NONNULL = YES;
				CLANG_ANALYZER_NUMBER_OBJECT_CONVERSION = YES_AGGRESSIVE;
				CLANG_CXX_LANGUAGE_STANDARD = "gnu++20";
				CLANG_ENABLE_MODULES = YES;
				CLANG_ENABLE_OBJC_ARC = YES;
				CLANG_ENABLE_OBJC_WEAK = YES;
				CLANG_WARN_BLOCK_CAPTURE_AUTORELEASING = YES;
				CLANG_WARN_BOOL_CONVERSION = YES;
				CLANG_WARN_COMMA = YES;
				CLANG_WARN_CONSTANT_CONVERSION = YES;
				CLANG_WARN_DEPRECATED_OBJC_IMPLEMENTATIONS = YES;
				CLANG_WARN_DIRECT_OBJC_ISA_USAGE = YES_ERROR;
				CLANG_WARN_DOCUMENTATION_COMMENTS = YES;
				CLANG_WARN_EMPTY_BODY = YES;
				CLANG_WARN_ENUM_CONVERSION = YES;
				CLANG_WARN_INFINITE_RECURSION = YES;
				CLANG_WARN_INT_CONVERSION = YES;
				CLANG_WARN_NON_LITERAL_NULL_CONVERSION = YES;
				CLANG_WARN_OBJC_IMPLICIT_RETAIN_SELF = YES;
				CLANG_WARN_OBJC_LITERAL_CONVERSION = YES;
				CLANG_WARN_OBJC_ROOT_CLASS = YES_ERROR;
				CLANG_WARN_QUOTED_INCLUDE_IN_FRAMEWORK_HEADER = YES;
				CLANG_WARN_RANGE_LOOP_ANALYSIS = YES;
				CLANG_WARN_STRICT_PROTOTYPES = YES;
				CLANG_WARN_SUSPICIOUS_MOVE = YES;
				CLANG_WARN_UNGUARDED_AVAILABILITY = YES_AGGRESSIVE;
				CLANG_WARN_UNREACHABLE_CODE = YES;
				CLANG_WARN__DUPLICATE_METHOD_MATCH = YES;
				COPY_PHASE_STRIP = NO;
				DEBUG_INFORMATION_FORMAT = dwarf;
				ENABLE_STRICT_OBJC_MSGSEND = YES;
				ENABLE_TESTABILITY = YES;
				ENABLE_USER_SCRIPT_SANDBOXING = YES;
				GCC_C_LANGUAGE_STANDARD = gnu17;
				GCC_DYNAMIC_NO_PIC = NO;
				GCC_NO_COMMON_BLOCKS = YES;
				GCC_OPTIMIZATION_LEVEL = 0;
				GCC_PREPROCESSOR_DEFINITIONS = (
					"DEBUG=1",
					"$(inherited)",
				);
				GCC_WARN_64_TO_32_BIT_CONVERSION = YES;
				GCC_WARN_ABOUT_RETURN_TYPE = YES_ERROR;
				GCC_WARN_UNDECLARED_SELECTOR = YES;
				GCC_WARN_UNINITIALIZED_AUTOS = YES_AGGRESSIVE;
				GCC_WARN_UNUSED_FUNCTION = YES;
				GCC_WARN_UNUSED_VARIABLE = YES;
				LOCALIZATION_PREFERS_STRING_CATALOGS = YES;
				MACOSX_DEPLOYMENT_TARGET = 14.0;
				MTL_ENABLE_DEBUG_INFO = INCLUDE_SOURCE;
				MTL_FAST_MATH = YES;
				ONLY_ACTIVE_ARCH = YES;
				SDKROOT = macosx;
				SWIFT_ACTIVE_COMPILATION_CONDITIONS = "DEBUG $(inherited)";
				SWIFT_OPTIMIZATION_LEVEL = "-Onone";
			};
			name = Debug;
		};
		936C268C2A75123100039327 /* Release */ = {
			isa = XCBuildConfiguration;
			buildSettings = {
				ALWAYS_SEARCH_USER_PATHS = NO;
				ASSETCATALOG_COMPILER_GENERATE_SWIFT_ASSET_SYMBOL_EXTENSIONS = YES;
				CLANG_ANALYZER_NONNULL = YES;
				CLANG_ANALYZER_NUMBER_OBJECT_CONVERSION = YES_AGGRESSIVE;
				CLANG_CXX_LANGUAGE_STANDARD = "gnu++20";
				CLANG_ENABLE_MODULES = YES;
				CLANG_ENABLE_OBJC_ARC = YES;
				CLANG_ENABLE_OBJC_WEAK = YES;
				CLANG_WARN_BLOCK_CAPTURE_AUTORELEASING = YES;
				CLANG_WARN_BOOL_CONVERSION = YES;
				CLANG_WARN_COMMA = YES;
				CLANG_WARN_CONSTANT_CONVERSION = YES;
				CLANG_WARN_DEPRECATED_OBJC_IMPLEMENTATIONS = YES;
				CLANG_WARN_DIRECT_OBJC_ISA_USAGE = YES_ERROR;
				CLANG_WARN_DOCUMENTATION_COMMENTS = YES;
				CLANG_WARN_EMPTY_BODY = YES;
				CLANG_WARN_ENUM_CONVERSION = YES;
				CLANG_WARN_INFINITE_RECURSION = YES;
				CLANG_WARN_INT_CONVERSION = YES;
				CLANG_WARN_NON_LITERAL_NULL_CONVERSION = YES;
				CLANG_WARN_OBJC_IMPLICIT_RETAIN_SELF = YES;
				CLANG_WARN_OBJC_LITERAL_CONVERSION = YES;
				CLANG_WARN_OBJC_ROOT_CLASS = YES_ERROR;
				CLANG_WARN_QUOTED_INCLUDE_IN_FRAMEWORK_HEADER = YES;
				CLANG_WARN_RANGE_LOOP_ANALYSIS = YES;
				CLANG_WARN_STRICT_PROTOTYPES = YES;
				CLANG_WARN_SUSPICIOUS_MOVE = YES;
				CLANG_WARN_UNGUARDED_AVAILABILITY = YES_AGGRESSIVE;
				CLANG_WARN_UNREACHABLE_CODE = YES;
				CLANG_WARN__DUPLICATE_METHOD_MATCH = YES;
				COPY_PHASE_STRIP = NO;
				DEBUG_INFORMATION_FORMAT = "dwarf-with-dsym";
				ENABLE_NS_ASSERTIONS = NO;
				ENABLE_STRICT_OBJC_MSGSEND = YES;
				ENABLE_USER_SCRIPT_SANDBOXING = YES;
				GCC_C_LANGUAGE_STANDARD = gnu17;
				GCC_NO_COMMON_BLOCKS = YES;
				GCC_WARN_64_TO_32_BIT_CONVERSION = YES;
				GCC_WARN_ABOUT_RETURN_TYPE = YES_ERROR;
				GCC_WARN_UNDECLARED_SELECTOR = YES;
				GCC_WARN_UNINITIALIZED_AUTOS = YES_AGGRESSIVE;
				GCC_WARN_UNUSED_FUNCTION = YES;
				GCC_WARN_UNUSED_VARIABLE = YES;
				LOCALIZATION_PREFERS_STRING_CATALOGS = YES;
				MACOSX_DEPLOYMENT_TARGET = 14.0;
				MTL_ENABLE_DEBUG_INFO = NO;
				MTL_FAST_MATH = YES;
				SDKROOT = macosx;
				SWIFT_COMPILATION_MODE = wholemodule;
			};
			name = Release;
		};
		936C268E2A75123100039327 /* Debug */ = {
			isa = XCBuildConfiguration;
			buildSettings = {
				ASSETCATALOG_COMPILER_APPICON_NAME = AppIcon;
				ASSETCATALOG_COMPILER_GLOBAL_ACCENT_COLOR_NAME = AccentColor;
				CODE_SIGN_ENTITLEMENTS = JSSUIBridgeTest/JSSUIBridgeTest.entitlements;
				CODE_SIGN_STYLE = Automatic;
				COMBINE_HIDPI_IMAGES = YES;
				CURRENT_PROJECT_VERSION = 1;
				DEVELOPMENT_ASSET_PATHS = "\"JSSUIBridgeTest/Preview Content\"";
				DEVELOPMENT_TEAM = Z88Z98GRZQ;
				ENABLE_HARDENED_RUNTIME = YES;
				ENABLE_PREVIEWS = YES;
				GENERATE_INFOPLIST_FILE = YES;
				INFOPLIST_KEY_NSHumanReadableCopyright = "";
				LD_RUNPATH_SEARCH_PATHS = (
					"$(inherited)",
					"@executable_path/../Frameworks",
				);
				MARKETING_VERSION = 1.0;
				PRODUCT_BUNDLE_IDENTIFIER = com.kaithebuilder.JSSUIBridgeTest;
				PRODUCT_NAME = "$(TARGET_NAME)";
				SWIFT_EMIT_LOC_STRINGS = YES;
				SWIFT_VERSION = 5.0;
			};
			name = Debug;
		};
		936C268F2A75123100039327 /* Release */ = {
			isa = XCBuildConfiguration;
			buildSettings = {
				ASSETCATALOG_COMPILER_APPICON_NAME = AppIcon;
				ASSETCATALOG_COMPILER_GLOBAL_ACCENT_COLOR_NAME = AccentColor;
				CODE_SIGN_ENTITLEMENTS = JSSUIBridgeTest/JSSUIBridgeTest.entitlements;
				CODE_SIGN_STYLE = Automatic;
				COMBINE_HIDPI_IMAGES = YES;
				CURRENT_PROJECT_VERSION = 1;
				DEVELOPMENT_ASSET_PATHS = "\"JSSUIBridgeTest/Preview Content\"";
				DEVELOPMENT_TEAM = Z88Z98GRZQ;
				ENABLE_HARDENED_RUNTIME = YES;
				ENABLE_PREVIEWS = YES;
				GENERATE_INFOPLIST_FILE = YES;
				INFOPLIST_KEY_NSHumanReadableCopyright = "";
				LD_RUNPATH_SEARCH_PATHS = (
					"$(inherited)",
					"@executable_path/../Frameworks",
				);
				MARKETING_VERSION = 1.0;
				PRODUCT_BUNDLE_IDENTIFIER = com.kaithebuilder.JSSUIBridgeTest;
				PRODUCT_NAME = "$(TARGET_NAME)";
				SWIFT_EMIT_LOC_STRINGS = YES;
				SWIFT_VERSION = 5.0;
			};
			name = Release;
		};
/* End XCBuildConfiguration section */

/* Begin XCConfigurationList section */
		936C26792A75122E00039327 /* Build configuration list for PBXProject "JSSUIBridgeTest" */ = {
			isa = XCConfigurationList;
			buildConfigurations = (
				936C268B2A75123100039327 /* Debug */,
				936C268C2A75123100039327 /* Release */,
			);
			defaultConfigurationIsVisible = 0;
			defaultConfigurationName = Release;
		};
		936C268D2A75123100039327 /* Build configuration list for PBXNativeTarget "JSSUIBridgeTest" */ = {
			isa = XCConfigurationList;
			buildConfigurations = (
				936C268E2A75123100039327 /* Debug */,
				936C268F2A75123100039327 /* Release */,
			);
			defaultConfigurationIsVisible = 0;
			defaultConfigurationName = Release;
		};
/* End XCConfigurationList section */
	};
	rootObject = 936C26762A75122E00039327 /* Project object */;
}
